// !$*UTF8*$!
{
	archiveVersion = 1;
	classes = {
	};
	objectVersion = 46;
	objects = {

/* Begin PBXBuildFile section */
		994333EDBF0B1BCAFB6B591F /* libPods-RottenFruit.a in Frameworks */ = {isa = PBXBuildFile; fileRef = 6B735B7E419125A66A1FC9C7 /* libPods-RottenFruit.a */; };
		B26433A71B2A9FBD00BFE70F /* main.m in Sources */ = {isa = PBXBuildFile; fileRef = B26433A61B2A9FBD00BFE70F /* main.m */; };
		B26433AA1B2A9FBD00BFE70F /* AppDelegate.m in Sources */ = {isa = PBXBuildFile; fileRef = B26433A91B2A9FBD00BFE70F /* AppDelegate.m */; };
		B26433AD1B2A9FBD00BFE70F /* ViewController.m in Sources */ = {isa = PBXBuildFile; fileRef = B26433AC1B2A9FBD00BFE70F /* ViewController.m */; };
		B26433B01B2A9FBD00BFE70F /* Main.storyboard in Resources */ = {isa = PBXBuildFile; fileRef = B26433AE1B2A9FBD00BFE70F /* Main.storyboard */; };
		B26433B21B2A9FBD00BFE70F /* Images.xcassets in Resources */ = {isa = PBXBuildFile; fileRef = B26433B11B2A9FBD00BFE70F /* Images.xcassets */; };
		B26433B51B2A9FBD00BFE70F /* LaunchScreen.xib in Resources */ = {isa = PBXBuildFile; fileRef = B26433B31B2A9FBD00BFE70F /* LaunchScreen.xib */; };
		B26433C11B2A9FBD00BFE70F /* RottenFruitTests.m in Sources */ = {isa = PBXBuildFile; fileRef = B26433C01B2A9FBD00BFE70F /* RottenFruitTests.m */; };
		B26433CC1B2AA3EC00BFE70F /* MoviesViewController.m in Sources */ = {isa = PBXBuildFile; fileRef = B26433CB1B2AA3EC00BFE70F /* MoviesViewController.m */; };
		B27AA4611B2C61D2008DCA10 /* MoviesCollectionView.m in Sources */ = {isa = PBXBuildFile; fileRef = B27AA4601B2C61D2008DCA10 /* MoviesCollectionView.m */; };
		B27AA4631B2C61F9008DCA10 /* MoviesCollectionView.xib in Resources */ = {isa = PBXBuildFile; fileRef = B27AA4621B2C61F9008DCA10 /* MoviesCollectionView.xib */; };
		B27AA4681B2C635B008DCA10 /* MovieCollectionCell.xib in Resources */ = {isa = PBXBuildFile; fileRef = B27AA4671B2C635B008DCA10 /* MovieCollectionCell.xib */; };
		B27AA46B1B2C6394008DCA10 /* MovieCollectionCell.m in Sources */ = {isa = PBXBuildFile; fileRef = B27AA46A1B2C6394008DCA10 /* MovieCollectionCell.m */; };
		B27AA4711B2DBA3F008DCA10 /* ErrorView.m in Sources */ = {isa = PBXBuildFile; fileRef = B27AA4701B2DBA3F008DCA10 /* ErrorView.m */; };
		B27AA4731B2DBA64008DCA10 /* ErrorView.xib in Resources */ = {isa = PBXBuildFile; fileRef = B27AA4721B2DBA64008DCA10 /* ErrorView.xib */; };
		B27AA4751B2DD9FD008DCA10 /* FontAwesome.ttf in Resources */ = {isa = PBXBuildFile; fileRef = B27AA4741B2DD9FD008DCA10 /* FontAwesome.ttf */; };
		B27AA4781B2E72F0008DCA10 /* DvdsViewController.m in Sources */ = {isa = PBXBuildFile; fileRef = B27AA4771B2E72F0008DCA10 /* DvdsViewController.m */; };
		B27AA47B1B2EADD5008DCA10 /* Reachability.m in Sources */ = {isa = PBXBuildFile; fileRef = B27AA47A1B2EADD5008DCA10 /* Reachability.m */; };
		B27AA47D1B2F32D7008DCA10 /* tomato.png in Resources */ = {isa = PBXBuildFile; fileRef = B27AA47C1B2F32D7008DCA10 /* tomato.png */; };
		B27AA4801B2F3C40008DCA10 /* ic_dvd.png in Resources */ = {isa = PBXBuildFile; fileRef = B27AA47E1B2F3C40008DCA10 /* ic_dvd.png */; };
		B27AA4811B2F3C40008DCA10 /* ic_movie.png in Resources */ = {isa = PBXBuildFile; fileRef = B27AA47F1B2F3C40008DCA10 /* ic_movie.png */; };
		B27AA4841B2FC644008DCA10 /* TabBarController.m in Sources */ = {isa = PBXBuildFile; fileRef = B27AA4831B2FC644008DCA10 /* TabBarController.m */; };
		B29BF1FA1B2AEA38004483B4 /* MovieCell.m in Sources */ = {isa = PBXBuildFile; fileRef = B29BF1F91B2AEA38004483B4 /* MovieCell.m */; };
/* End PBXBuildFile section */

/* Begin PBXContainerItemProxy section */
		B26433BB1B2A9FBD00BFE70F /* PBXContainerItemProxy */ = {
			isa = PBXContainerItemProxy;
			containerPortal = B26433991B2A9FBD00BFE70F /* Project object */;
			proxyType = 1;
			remoteGlobalIDString = B26433A01B2A9FBD00BFE70F;
			remoteInfo = RottenFruit;
		};
/* End PBXContainerItemProxy section */

/* Begin PBXFileReference section */
		6B735B7E419125A66A1FC9C7 /* libPods-RottenFruit.a */ = {isa = PBXFileReference; explicitFileType = archive.ar; includeInIndex = 0; path = "libPods-RottenFruit.a"; sourceTree = BUILT_PRODUCTS_DIR; };
		805C3B2E721F27243E54C5EF /* Pods-RottenFruit.debug.xcconfig */ = {isa = PBXFileReference; includeInIndex = 1; lastKnownFileType = text.xcconfig; name = "Pods-RottenFruit.debug.xcconfig"; path = "Pods/Target Support Files/Pods-RottenFruit/Pods-RottenFruit.debug.xcconfig"; sourceTree = "<group>"; };
		9A49BAA9D3D4B871DDCDC884 /* Pods-RottenFruit.release.xcconfig */ = {isa = PBXFileReference; includeInIndex = 1; lastKnownFileType = text.xcconfig; name = "Pods-RottenFruit.release.xcconfig"; path = "Pods/Target Support Files/Pods-RottenFruit/Pods-RottenFruit.release.xcconfig"; sourceTree = "<group>"; };
		B26433A11B2A9FBD00BFE70F /* RottenFruit.app */ = {isa = PBXFileReference; explicitFileType = wrapper.application; includeInIndex = 0; path = RottenFruit.app; sourceTree = BUILT_PRODUCTS_DIR; };
		B26433A51B2A9FBD00BFE70F /* Info.plist */ = {isa = PBXFileReference; lastKnownFileType = text.plist.xml; path = Info.plist; sourceTree = "<group>"; };
		B26433A61B2A9FBD00BFE70F /* main.m */ = {isa = PBXFileReference; lastKnownFileType = sourcecode.c.objc; path = main.m; sourceTree = "<group>"; };
		B26433A81B2A9FBD00BFE70F /* AppDelegate.h */ = {isa = PBXFileReference; lastKnownFileType = sourcecode.c.h; path = AppDelegate.h; sourceTree = "<group>"; };
		B26433A91B2A9FBD00BFE70F /* AppDelegate.m */ = {isa = PBXFileReference; lastKnownFileType = sourcecode.c.objc; path = AppDelegate.m; sourceTree = "<group>"; };
		B26433AB1B2A9FBD00BFE70F /* ViewController.h */ = {isa = PBXFileReference; lastKnownFileType = sourcecode.c.h; path = ViewController.h; sourceTree = "<group>"; };
		B26433AC1B2A9FBD00BFE70F /* ViewController.m */ = {isa = PBXFileReference; lastKnownFileType = sourcecode.c.objc; path = ViewController.m; sourceTree = "<group>"; };
		B26433AF1B2A9FBD00BFE70F /* Base */ = {isa = PBXFileReference; lastKnownFileType = file.storyboard; name = Base; path = Base.lproj/Main.storyboard; sourceTree = "<group>"; };
		B26433B11B2A9FBD00BFE70F /* Images.xcassets */ = {isa = PBXFileReference; lastKnownFileType = folder.assetcatalog; path = Images.xcassets; sourceTree = "<group>"; };
		B26433B41B2A9FBD00BFE70F /* Base */ = {isa = PBXFileReference; lastKnownFileType = file.xib; name = Base; path = Base.lproj/LaunchScreen.xib; sourceTree = "<group>"; };
		B26433BA1B2A9FBD00BFE70F /* RottenFruitTests.xctest */ = {isa = PBXFileReference; explicitFileType = wrapper.cfbundle; includeInIndex = 0; path = RottenFruitTests.xctest; sourceTree = BUILT_PRODUCTS_DIR; };
		B26433BF1B2A9FBD00BFE70F /* Info.plist */ = {isa = PBXFileReference; lastKnownFileType = text.plist.xml; path = Info.plist; sourceTree = "<group>"; };
		B26433C01B2A9FBD00BFE70F /* RottenFruitTests.m */ = {isa = PBXFileReference; lastKnownFileType = sourcecode.c.objc; path = RottenFruitTests.m; sourceTree = "<group>"; };
		B26433CA1B2AA3EC00BFE70F /* MoviesViewController.h */ = {isa = PBXFileReference; fileEncoding = 4; lastKnownFileType = sourcecode.c.h; path = MoviesViewController.h; sourceTree = "<group>"; };
		B26433CB1B2AA3EC00BFE70F /* MoviesViewController.m */ = {isa = PBXFileReference; fileEncoding = 4; lastKnownFileType = sourcecode.c.objc; path = MoviesViewController.m; sourceTree = "<group>"; };
		B27AA45F1B2C61D2008DCA10 /* MoviesCollectionView.h */ = {isa = PBXFileReference; fileEncoding = 4; lastKnownFileType = sourcecode.c.h; path = MoviesCollectionView.h; sourceTree = "<group>"; };
		B27AA4601B2C61D2008DCA10 /* MoviesCollectionView.m */ = {isa = PBXFileReference; fileEncoding = 4; lastKnownFileType = sourcecode.c.objc; path = MoviesCollectionView.m; sourceTree = "<group>"; };
		B27AA4621B2C61F9008DCA10 /* MoviesCollectionView.xib */ = {isa = PBXFileReference; fileEncoding = 4; lastKnownFileType = file.xib; path = MoviesCollectionView.xib; sourceTree = "<group>"; };
		B27AA4671B2C635B008DCA10 /* MovieCollectionCell.xib */ = {isa = PBXFileReference; fileEncoding = 4; lastKnownFileType = file.xib; path = MovieCollectionCell.xib; sourceTree = "<group>"; };
		B27AA4691B2C6394008DCA10 /* MovieCollectionCell.h */ = {isa = PBXFileReference; fileEncoding = 4; lastKnownFileType = sourcecode.c.h; path = MovieCollectionCell.h; sourceTree = "<group>"; };
		B27AA46A1B2C6394008DCA10 /* MovieCollectionCell.m */ = {isa = PBXFileReference; fileEncoding = 4; lastKnownFileType = sourcecode.c.objc; path = MovieCollectionCell.m; sourceTree = "<group>"; };
		B27AA46F1B2DBA3F008DCA10 /* ErrorView.h */ = {isa = PBXFileReference; fileEncoding = 4; lastKnownFileType = sourcecode.c.h; path = ErrorView.h; sourceTree = "<group>"; };
		B27AA4701B2DBA3F008DCA10 /* ErrorView.m */ = {isa = PBXFileReference; fileEncoding = 4; lastKnownFileType = sourcecode.c.objc; path = ErrorView.m; sourceTree = "<group>"; };
		B27AA4721B2DBA64008DCA10 /* ErrorView.xib */ = {isa = PBXFileReference; fileEncoding = 4; lastKnownFileType = file.xib; path = ErrorView.xib; sourceTree = "<group>"; };
		B27AA4741B2DD9FD008DCA10 /* FontAwesome.ttf */ = {isa = PBXFileReference; lastKnownFileType = file; path = FontAwesome.ttf; sourceTree = "<group>"; };
		B27AA4761B2E72F0008DCA10 /* DvdsViewController.h */ = {isa = PBXFileReference; fileEncoding = 4; lastKnownFileType = sourcecode.c.h; path = DvdsViewController.h; sourceTree = "<group>"; };
		B27AA4771B2E72F0008DCA10 /* DvdsViewController.m */ = {isa = PBXFileReference; fileEncoding = 4; lastKnownFileType = sourcecode.c.objc; path = DvdsViewController.m; sourceTree = "<group>"; };
		B27AA4791B2EADD5008DCA10 /* Reachability.h */ = {isa = PBXFileReference; fileEncoding = 4; lastKnownFileType = sourcecode.c.h; path = Reachability.h; sourceTree = "<group>"; };
		B27AA47A1B2EADD5008DCA10 /* Reachability.m */ = {isa = PBXFileReference; fileEncoding = 4; lastKnownFileType = sourcecode.c.objc; path = Reachability.m; sourceTree = "<group>"; };
		B27AA47C1B2F32D7008DCA10 /* tomato.png */ = {isa = PBXFileReference; lastKnownFileType = image.png; path = tomato.png; sourceTree = "<group>"; };
		B27AA47E1B2F3C40008DCA10 /* ic_dvd.png */ = {isa = PBXFileReference; lastKnownFileType = image.png; path = ic_dvd.png; sourceTree = "<group>"; };
		B27AA47F1B2F3C40008DCA10 /* ic_movie.png */ = {isa = PBXFileReference; lastKnownFileType = image.png; path = ic_movie.png; sourceTree = "<group>"; };
		B27AA4821B2FC644008DCA10 /* TabBarController.h */ = {isa = PBXFileReference; fileEncoding = 4; lastKnownFileType = sourcecode.c.h; path = TabBarController.h; sourceTree = "<group>"; };
		B27AA4831B2FC644008DCA10 /* TabBarController.m */ = {isa = PBXFileReference; fileEncoding = 4; lastKnownFileType = sourcecode.c.objc; path = TabBarController.m; sourceTree = "<group>"; };
		B29BF1F81B2AEA38004483B4 /* MovieCell.h */ = {isa = PBXFileReference; fileEncoding = 4; lastKnownFileType = sourcecode.c.h; path = MovieCell.h; sourceTree = "<group>"; };
		B29BF1F91B2AEA38004483B4 /* MovieCell.m */ = {isa = PBXFileReference; fileEncoding = 4; lastKnownFileType = sourcecode.c.objc; path = MovieCell.m; sourceTree = "<group>"; };
/* End PBXFileReference section */

/* Begin PBXFrameworksBuildPhase section */
		B264339E1B2A9FBD00BFE70F /* Frameworks */ = {
			isa = PBXFrameworksBuildPhase;
			buildActionMask = 2147483647;
			files = (
				994333EDBF0B1BCAFB6B591F /* libPods-RottenFruit.a in Frameworks */,
			);
			runOnlyForDeploymentPostprocessing = 0;
		};
		B26433B71B2A9FBD00BFE70F /* Frameworks */ = {
			isa = PBXFrameworksBuildPhase;
			buildActionMask = 2147483647;
			files = (
			);
			runOnlyForDeploymentPostprocessing = 0;
		};
/* End PBXFrameworksBuildPhase section */

/* Begin PBXGroup section */
		4B896718E98C308342A26CCD /* Frameworks */ = {
			isa = PBXGroup;
			children = (
				6B735B7E419125A66A1FC9C7 /* libPods-RottenFruit.a */,
			);
			name = Frameworks;
			sourceTree = "<group>";
		};
		B26433981B2A9FBD00BFE70F = {
			isa = PBXGroup;
			children = (
				B26433A31B2A9FBD00BFE70F /* RottenFruit */,
				B26433BD1B2A9FBD00BFE70F /* RottenFruitTests */,
				B26433A21B2A9FBD00BFE70F /* Products */,
				EF43F194BF996F5F80A2FD1F /* Pods */,
				4B896718E98C308342A26CCD /* Frameworks */,
			);
			sourceTree = "<group>";
		};
		B26433A21B2A9FBD00BFE70F /* Products */ = {
			isa = PBXGroup;
			children = (
				B26433A11B2A9FBD00BFE70F /* RottenFruit.app */,
				B26433BA1B2A9FBD00BFE70F /* RottenFruitTests.xctest */,
			);
			name = Products;
			sourceTree = "<group>";
		};
		B26433A31B2A9FBD00BFE70F /* RottenFruit */ = {
			isa = PBXGroup;
			children = (
				B27AA47E1B2F3C40008DCA10 /* ic_dvd.png */,
				B27AA47F1B2F3C40008DCA10 /* ic_movie.png */,
				B27AA4791B2EADD5008DCA10 /* Reachability.h */,
				B27AA47A1B2EADD5008DCA10 /* Reachability.m */,
				B27AA4741B2DD9FD008DCA10 /* FontAwesome.ttf */,
				B26433A81B2A9FBD00BFE70F /* AppDelegate.h */,
				B26433A91B2A9FBD00BFE70F /* AppDelegate.m */,
				B26433AB1B2A9FBD00BFE70F /* ViewController.h */,
				B26433AC1B2A9FBD00BFE70F /* ViewController.m */,
				B26433AE1B2A9FBD00BFE70F /* Main.storyboard */,
				B26433B11B2A9FBD00BFE70F /* Images.xcassets */,
				B27AA47C1B2F32D7008DCA10 /* tomato.png */,
				B26433B31B2A9FBD00BFE70F /* LaunchScreen.xib */,
				B26433A41B2A9FBD00BFE70F /* Supporting Files */,
				B26433CA1B2AA3EC00BFE70F /* MoviesViewController.h */,
				B26433CB1B2AA3EC00BFE70F /* MoviesViewController.m */,
				B29BF1F81B2AEA38004483B4 /* MovieCell.h */,
				B29BF1F91B2AEA38004483B4 /* MovieCell.m */,
				B27AA45F1B2C61D2008DCA10 /* MoviesCollectionView.h */,
				B27AA4601B2C61D2008DCA10 /* MoviesCollectionView.m */,
				B27AA4621B2C61F9008DCA10 /* MoviesCollectionView.xib */,
				B27AA4671B2C635B008DCA10 /* MovieCollectionCell.xib */,
				B27AA4691B2C6394008DCA10 /* MovieCollectionCell.h */,
				B27AA46A1B2C6394008DCA10 /* MovieCollectionCell.m */,
				B27AA46F1B2DBA3F008DCA10 /* ErrorView.h */,
				B27AA4701B2DBA3F008DCA10 /* ErrorView.m */,
				B27AA4721B2DBA64008DCA10 /* ErrorView.xib */,
				B27AA4761B2E72F0008DCA10 /* DvdsViewController.h */,
				B27AA4771B2E72F0008DCA10 /* DvdsViewController.m */,
				B27AA4821B2FC644008DCA10 /* TabBarController.h */,
				B27AA4831B2FC644008DCA10 /* TabBarController.m */,
			);
			path = RottenFruit;
			sourceTree = "<group>";
		};
		B26433A41B2A9FBD00BFE70F /* Supporting Files */ = {
			isa = PBXGroup;
			children = (
				B26433A51B2A9FBD00BFE70F /* Info.plist */,
				B26433A61B2A9FBD00BFE70F /* main.m */,
			);
			name = "Supporting Files";
			sourceTree = "<group>";
		};
		B26433BD1B2A9FBD00BFE70F /* RottenFruitTests */ = {
			isa = PBXGroup;
			children = (
				B26433C01B2A9FBD00BFE70F /* RottenFruitTests.m */,
				B26433BE1B2A9FBD00BFE70F /* Supporting Files */,
			);
			path = RottenFruitTests;
			sourceTree = "<group>";
		};
		B26433BE1B2A9FBD00BFE70F /* Supporting Files */ = {
			isa = PBXGroup;
			children = (
				B26433BF1B2A9FBD00BFE70F /* Info.plist */,
			);
			name = "Supporting Files";
			sourceTree = "<group>";
		};
		EF43F194BF996F5F80A2FD1F /* Pods */ = {
			isa = PBXGroup;
			children = (
				805C3B2E721F27243E54C5EF /* Pods-RottenFruit.debug.xcconfig */,
				9A49BAA9D3D4B871DDCDC884 /* Pods-RottenFruit.release.xcconfig */,
			);
			name = Pods;
			sourceTree = "<group>";
		};
/* End PBXGroup section */

/* Begin PBXNativeTarget section */
		B26433A01B2A9FBD00BFE70F /* RottenFruit */ = {
			isa = PBXNativeTarget;
			buildConfigurationList = B26433C41B2A9FBD00BFE70F /* Build configuration list for PBXNativeTarget "RottenFruit" */;
			buildPhases = (
				55B6E88FA3C2D50282CB0004 /* Check Pods Manifest.lock */,
				B264339D1B2A9FBD00BFE70F /* Sources */,
				B264339E1B2A9FBD00BFE70F /* Frameworks */,
				B264339F1B2A9FBD00BFE70F /* Resources */,
				D5F4D500E0712EBFD725BCDA /* Copy Pods Resources */,
			);
			buildRules = (
			);
			dependencies = (
			);
			name = RottenFruit;
			productName = RottenFruit;
			productReference = B26433A11B2A9FBD00BFE70F /* RottenFruit.app */;
			productType = "com.apple.product-type.application";
		};
		B26433B91B2A9FBD00BFE70F /* RottenFruitTests */ = {
			isa = PBXNativeTarget;
			buildConfigurationList = B26433C71B2A9FBD00BFE70F /* Build configuration list for PBXNativeTarget "RottenFruitTests" */;
			buildPhases = (
				B26433B61B2A9FBD00BFE70F /* Sources */,
				B26433B71B2A9FBD00BFE70F /* Frameworks */,
				B26433B81B2A9FBD00BFE70F /* Resources */,
			);
			buildRules = (
			);
			dependencies = (
				B26433BC1B2A9FBD00BFE70F /* PBXTargetDependency */,
			);
			name = RottenFruitTests;
			productName = RottenFruitTests;
			productReference = B26433BA1B2A9FBD00BFE70F /* RottenFruitTests.xctest */;
			productType = "com.apple.product-type.bundle.unit-test";
		};
/* End PBXNativeTarget section */

/* Begin PBXProject section */
		B26433991B2A9FBD00BFE70F /* Project object */ = {
			isa = PBXProject;
			attributes = {
				LastUpgradeCheck = 0630;
				ORGANIZATIONNAME = Yahoo;
				TargetAttributes = {
					B26433A01B2A9FBD00BFE70F = {
						CreatedOnToolsVersion = 6.3.1;
					};
					B26433B91B2A9FBD00BFE70F = {
						CreatedOnToolsVersion = 6.3.1;
						TestTargetID = B26433A01B2A9FBD00BFE70F;
					};
				};
			};
			buildConfigurationList = B264339C1B2A9FBD00BFE70F /* Build configuration list for PBXProject "RottenFruit" */;
			compatibilityVersion = "Xcode 3.2";
			developmentRegion = English;
			hasScannedForEncodings = 0;
			knownRegions = (
				en,
				Base,
			);
			mainGroup = B26433981B2A9FBD00BFE70F;
			productRefGroup = B26433A21B2A9FBD00BFE70F /* Products */;
			projectDirPath = "";
			projectRoot = "";
			targets = (
				B26433A01B2A9FBD00BFE70F /* RottenFruit */,
				B26433B91B2A9FBD00BFE70F /* RottenFruitTests */,
			);
		};
/* End PBXProject section */

/* Begin PBXResourcesBuildPhase section */
		B264339F1B2A9FBD00BFE70F /* Resources */ = {
			isa = PBXResourcesBuildPhase;
			buildActionMask = 2147483647;
			files = (
				B27AA4811B2F3C40008DCA10 /* ic_movie.png in Resources */,
				B26433B01B2A9FBD00BFE70F /* Main.storyboard in Resources */,
				B27AA47D1B2F32D7008DCA10 /* tomato.png in Resources */,
				B27AA4751B2DD9FD008DCA10 /* FontAwesome.ttf in Resources */,
				B26433B51B2A9FBD00BFE70F /* LaunchScreen.xib in Resources */,
				B27AA4801B2F3C40008DCA10 /* ic_dvd.png in Resources */,
				B26433B21B2A9FBD00BFE70F /* Images.xcassets in Resources */,
				B27AA4731B2DBA64008DCA10 /* ErrorView.xib in Resources */,
				B27AA4681B2C635B008DCA10 /* MovieCollectionCell.xib in Resources */,
				B27AA4631B2C61F9008DCA10 /* MoviesCollectionView.xib in Resources */,
			);
			runOnlyForDeploymentPostprocessing = 0;
		};
		B26433B81B2A9FBD00BFE70F /* Resources */ = {
			isa = PBXResourcesBuildPhase;
			buildActionMask = 2147483647;
			files = (
			);
			runOnlyForDeploymentPostprocessing = 0;
		};
/* End PBXResourcesBuildPhase section */

/* Begin PBXShellScriptBuildPhase section */
		55B6E88FA3C2D50282CB0004 /* Check Pods Manifest.lock */ = {
			isa = PBXShellScriptBuildPhase;
			buildActionMask = 2147483647;
			files = (
			);
			inputPaths = (
			);
			name = "Check Pods Manifest.lock";
			outputPaths = (
			);
			runOnlyForDeploymentPostprocessing = 0;
			shellPath = /bin/sh;
			shellScript = "diff \"${PODS_ROOT}/../Podfile.lock\" \"${PODS_ROOT}/Manifest.lock\" > /dev/null\nif [[ $? != 0 ]] ; then\n    cat << EOM\nerror: The sandbox is not in sync with the Podfile.lock. Run 'pod install' or update your CocoaPods installation.\nEOM\n    exit 1\nfi\n";
			showEnvVarsInLog = 0;
		};
		D5F4D500E0712EBFD725BCDA /* Copy Pods Resources */ = {
			isa = PBXShellScriptBuildPhase;
			buildActionMask = 2147483647;
			files = (
			);
			inputPaths = (
			);
			name = "Copy Pods Resources";
			outputPaths = (
			);
			runOnlyForDeploymentPostprocessing = 0;
			shellPath = /bin/sh;
			shellScript = "\"${SRCROOT}/Pods/Target Support Files/Pods-RottenFruit/Pods-RottenFruit-resources.sh\"\n";
			showEnvVarsInLog = 0;
		};
/* End PBXShellScriptBuildPhase section */

/* Begin PBXSourcesBuildPhase section */
		B264339D1B2A9FBD00BFE70F /* Sources */ = {
			isa = PBXSourcesBuildPhase;
			buildActionMask = 2147483647;
			files = (
				B26433AD1B2A9FBD00BFE70F /* ViewController.m in Sources */,
				B29BF1FA1B2AEA38004483B4 /* MovieCell.m in Sources */,
				B26433AA1B2A9FBD00BFE70F /* AppDelegate.m in Sources */,
				B27AA4711B2DBA3F008DCA10 /* ErrorView.m in Sources */,
				B27AA47B1B2EADD5008DCA10 /* Reachability.m in Sources */,
				B27AA4841B2FC644008DCA10 /* TabBarController.m in Sources */,
				B27AA46B1B2C6394008DCA10 /* MovieCollectionCell.m in Sources */,
				B26433A71B2A9FBD00BFE70F /* main.m in Sources */,
				B26433CC1B2AA3EC00BFE70F /* MoviesViewController.m in Sources */,
				B27AA4781B2E72F0008DCA10 /* DvdsViewController.m in Sources */,
				B27AA4611B2C61D2008DCA10 /* MoviesCollectionView.m in Sources */,
			);
			runOnlyForDeploymentPostprocessing = 0;
		};
		B26433B61B2A9FBD00BFE70F /* Sources */ = {
			isa = PBXSourcesBuildPhase;
			buildActionMask = 2147483647;
			files = (
				B26433C11B2A9FBD00BFE70F /* RottenFruitTests.m in Sources */,
			);
			runOnlyForDeploymentPostprocessing = 0;
		};
/* End PBXSourcesBuildPhase section */

/* Begin PBXTargetDependency section */
		B26433BC1B2A9FBD00BFE70F /* PBXTargetDependency */ = {
			isa = PBXTargetDependency;
			target = B26433A01B2A9FBD00BFE70F /* RottenFruit */;
			targetProxy = B26433BB1B2A9FBD00BFE70F /* PBXContainerItemProxy */;
		};
/* End PBXTargetDependency section */

/* Begin PBXVariantGroup section */
		B26433AE1B2A9FBD00BFE70F /* Main.storyboard */ = {
			isa = PBXVariantGroup;
			children = (
				B26433AF1B2A9FBD00BFE70F /* Base */,
			);
			name = Main.storyboard;
			sourceTree = "<group>";
		};
		B26433B31B2A9FBD00BFE70F /* LaunchScreen.xib */ = {
			isa = PBXVariantGroup;
			children = (
				B26433B41B2A9FBD00BFE70F /* Base */,
			);
			name = LaunchScreen.xib;
			sourceTree = "<group>";
		};
/* End PBXVariantGroup section */

/* Begin XCBuildConfiguration section */
		B26433C21B2A9FBD00BFE70F /* Debug */ = {
			isa = XCBuildConfiguration;
			buildSettings = {
				ALWAYS_SEARCH_USER_PATHS = NO;
				CLANG_CXX_LANGUAGE_STANDARD = "gnu++0x";
				CLANG_CXX_LIBRARY = "libc++";
				CLANG_ENABLE_MODULES = YES;
				CLANG_ENABLE_OBJC_ARC = YES;
				CLANG_WARN_BOOL_CONVERSION = YES;
				CLANG_WARN_CONSTANT_CONVERSION = YES;
				CLANG_WARN_DIRECT_OBJC_ISA_USAGE = YES_ERROR;
				CLANG_WARN_EMPTY_BODY = YES;
				CLANG_WARN_ENUM_CONVERSION = YES;
				CLANG_WARN_INT_CONVERSION = YES;
				CLANG_WARN_OBJC_ROOT_CLASS = YES_ERROR;
				CLANG_WARN_UNREACHABLE_CODE = YES;
				CLANG_WARN__DUPLICATE_METHOD_MATCH = YES;
				"CODE_SIGN_IDENTITY[sdk=iphoneos*]" = "iPhone Developer";
				COPY_PHASE_STRIP = NO;
				DEBUG_INFORMATION_FORMAT = "dwarf-with-dsym";
				ENABLE_STRICT_OBJC_MSGSEND = YES;
				GCC_C_LANGUAGE_STANDARD = gnu99;
				GCC_DYNAMIC_NO_PIC = NO;
				GCC_NO_COMMON_BLOCKS = YES;
				GCC_OPTIMIZATION_LEVEL = 0;
				GCC_PREPROCESSOR_DEFINITIONS = (
					"DEBUG=1",
					"$(inherited)",
				);
				GCC_SYMBOLS_PRIVATE_EXTERN = NO;
				GCC_WARN_64_TO_32_BIT_CONVERSION = YES;
				GCC_WARN_ABOUT_RETURN_TYPE = YES_ERROR;
				GCC_WARN_UNDECLARED_SELECTOR = YES;
				GCC_WARN_UNINITIALIZED_AUTOS = YES_AGGRESSIVE;
				GCC_WARN_UNUSED_FUNCTION = YES;
				GCC_WARN_UNUSED_VARIABLE = YES;
				IPHONEOS_DEPLOYMENT_TARGET = 8.3;
				MTL_ENABLE_DEBUG_INFO = YES;
				ONLY_ACTIVE_ARCH = YES;
				SDKROOT = iphoneos;
			};
			name = Debug;
		};
		B26433C31B2A9FBD00BFE70F /* Release */ = {
			isa = XCBuildConfiguration;
			buildSettings = {
				ALWAYS_SEARCH_USER_PATHS = NO;
				CLANG_CXX_LANGUAGE_STANDARD = "gnu++0x";
				CLANG_CXX_LIBRARY = "libc++";
				CLANG_ENABLE_MODULES = YES;
				CLANG_ENABLE_OBJC_ARC = YES;
				CLANG_WARN_BOOL_CONVERSION = YES;
				CLANG_WARN_CONSTANT_CONVERSION = YES;
				CLANG_WARN_DIRECT_OBJC_ISA_USAGE = YES_ERROR;
				CLANG_WARN_EMPTY_BODY = YES;
				CLANG_WARN_ENUM_CONVERSION = YES;
				CLANG_WARN_INT_CONVERSION = YES;
				CLANG_WARN_OBJC_ROOT_CLASS = YES_ERROR;
				CLANG_WARN_UNREACHABLE_CODE = YES;
				CLANG_WARN__DUPLICATE_METHOD_MATCH = YES;
				"CODE_SIGN_IDENTITY[sdk=iphoneos*]" = "iPhone Developer";
				COPY_PHASE_STRIP = NO;
				DEBUG_INFORMATION_FORMAT = "dwarf-with-dsym";
				ENABLE_NS_ASSERTIONS = NO;
				ENABLE_STRICT_OBJC_MSGSEND = YES;
				GCC_C_LANGUAGE_STANDARD = gnu99;
				GCC_NO_COMMON_BLOCKS = YES;
				GCC_WARN_64_TO_32_BIT_CONVERSION = YES;
				GCC_WARN_ABOUT_RETURN_TYPE = YES_ERROR;
				GCC_WARN_UNDECLARED_SELECTOR = YES;
				GCC_WARN_UNINITIALIZED_AUTOS = YES_AGGRESSIVE;
				GCC_WARN_UNUSED_FUNCTION = YES;
				GCC_WARN_UNUSED_VARIABLE = YES;
				IPHONEOS_DEPLOYMENT_TARGET = 8.3;
				MTL_ENABLE_DEBUG_INFO = NO;
				SDKROOT = iphoneos;
				VALIDATE_PRODUCT = YES;
			};
			name = Release;
		};
		B26433C51B2A9FBD00BFE70F /* Debug */ = {
			isa = XCBuildConfiguration;
			baseConfigurationReference = 805C3B2E721F27243E54C5EF /* Pods-RottenFruit.debug.xcconfig */;
			buildSettings = {
				ASSETCATALOG_COMPILER_APPICON_NAME = AppIcon;
				INFOPLIST_FILE = RottenFruit/Info.plist;
				LD_RUNPATH_SEARCH_PATHS = "$(inherited) @executable_path/Frameworks";
				PRODUCT_NAME = "$(TARGET_NAME)";
			};
			name = Debug;
		};
		B26433C61B2A9FBD00BFE70F /* Release */ = {
			isa = XCBuildConfiguration;
			baseConfigurationReference = 9A49BAA9D3D4B871DDCDC884 /* Pods-RottenFruit.release.xcconfig */;
			buildSettings = {
				ASSETCATALOG_COMPILER_APPICON_NAME = AppIcon;
				INFOPLIST_FILE = RottenFruit/Info.plist;
				LD_RUNPATH_SEARCH_PATHS = "$(inherited) @executable_path/Frameworks";
				PRODUCT_NAME = "$(TARGET_NAME)";
			};
			name = Release;
		};
		B26433C81B2A9FBD00BFE70F /* Debug */ = {
			isa = XCBuildConfiguration;
			buildSettings = {
				BUNDLE_LOADER = "$(TEST_HOST)";
				FRAMEWORK_SEARCH_PATHS = (
					"$(SDKROOT)/Developer/Library/Frameworks",
					"$(inherited)",
				);
				GCC_PREPROCESSOR_DEFINITIONS = (
					"DEBUG=1",
					"$(inherited)",
				);
				INFOPLIST_FILE = RottenFruitTests/Info.plist;
				LD_RUNPATH_SEARCH_PATHS = "$(inherited) @executable_path/Frameworks @loader_path/Frameworks";
				PRODUCT_NAME = "$(TARGET_NAME)";
				TEST_HOST = "$(BUILT_PRODUCTS_DIR)/RottenFruit.app/RottenFruit";
			};
			name = Debug;
		};
		B26433C91B2A9FBD00BFE70F /* Release */ = {
			isa = XCBuildConfiguration;
			buildSettings = {
				BUNDLE_LOADER = "$(TEST_HOST)";
				FRAMEWORK_SEARCH_PATHS = (
					"$(SDKROOT)/Developer/Library/Frameworks",
					"$(inherited)",
				);
				INFOPLIST_FILE = RottenFruitTests/Info.plist;
				LD_RUNPATH_SEARCH_PATHS = "$(inherited) @executable_path/Frameworks @loader_path/Frameworks";
				PRODUCT_NAME = "$(TARGET_NAME)";
				TEST_HOST = "$(BUILT_PRODUCTS_DIR)/RottenFruit.app/RottenFruit";
			};
			name = Release;
		};
/* End XCBuildConfiguration section */

/* Begin XCConfigurationList section */
		B264339C1B2A9FBD00BFE70F /* Build configuration list for PBXProject "RottenFruit" */ = {
			isa = XCConfigurationList;
			buildConfigurations = (
				B26433C21B2A9FBD00BFE70F /* Debug */,
				B26433C31B2A9FBD00BFE70F /* Release */,
			);
			defaultConfigurationIsVisible = 0;
			defaultConfigurationName = Release;
		};
		B26433C41B2A9FBD00BFE70F /* Build configuration list for PBXNativeTarget "RottenFruit" */ = {
			isa = XCConfigurationList;
			buildConfigurations = (
				B26433C51B2A9FBD00BFE70F /* Debug */,
				B26433C61B2A9FBD00BFE70F /* Release */,
			);
			defaultConfigurationIsVisible = 0;
			defaultConfigurationName = Release;
		};
		B26433C71B2A9FBD00BFE70F /* Build configuration list for PBXNativeTarget "RottenFruitTests" */ = {
			isa = XCConfigurationList;
			buildConfigurations = (
				B26433C81B2A9FBD00BFE70F /* Debug */,
				B26433C91B2A9FBD00BFE70F /* Release */,
			);
			defaultConfigurationIsVisible = 0;
			defaultConfigurationName = Release;
		};
/* End XCConfigurationList section */
	};
	rootObject = B26433991B2A9FBD00BFE70F /* Project object */;
}
